
Microsoft Visual Studio Solution File, Format Version 12.00
# Visual Studio Version 17
VisualStudioVersion = 17.9.34622.214
MinimumVisualStudioVersion = 10.0.40219.1
Project("{FAE04EC0-301F-11D3-BF4B-00C04F79EFBC}") = "RemoteHostApp", "RemoteHostApp\RemoteHostApp.csproj", "{C18093F8-4FC4-45D6-8494-D1C925B82244}"
EndProject
Global
	GlobalSection(SolutionConfigurationPlatforms) = preSolution
		Debug|Any CPU = Debug|Any CPU
		Release|Any CPU = Release|Any CPU
	EndGlobalSection
	GlobalSection(ProjectConfigurationPlatforms) = postSolution
		{C18093F8-4FC4-45D6-8494-D1C925B82244}.Debug|Any CPU.ActiveCfg = Debug|Any CPU
		{C18093F8-4FC4-45D6-8494-D1C925B82244}.Debug|Any CPU.Build.0 = Debug|Any CPU
		{C18093F8-4FC4-45D6-8494-D1C925B82244}.Release|Any CPU.ActiveCfg = Release|Any CPU
		{C18093F8-4FC4-45D6-8494-D1C925B82244}.Release|Any CPU.Build.0 = Release|Any CPU
	EndGlobalSection
	GlobalSection(SolutionProperties) = preSolution
		HideSolutionNode = FALSE
	EndGlobalSection
	GlobalSection(ExtensibilityGlobals) = postSolution
		SolutionGuid = {6412F28D-C72D-4271-A11D-103E4211668D}
	EndGlobalSection
EndGlobal
